// !$*UTF8*$!
{
	archiveVersion = 1;
	classes = {
	};
	objectVersion = 46;
	objects = {

/* Begin PBXBuildFile section */
		54EB42021B9E180700935FFE /* main.m in Sources */ = {isa = PBXBuildFile; fileRef = 54EB42011B9E180700935FFE /* main.m */; };
		54EB42051B9E180700935FFE /* AppDelegate.m in Sources */ = {isa = PBXBuildFile; fileRef = 54EB42041B9E180700935FFE /* AppDelegate.m */; };
		54EB42081B9E180700935FFE /* ViewController.m in Sources */ = {isa = PBXBuildFile; fileRef = 54EB42071B9E180700935FFE /* ViewController.m */; };
		54EB420B1B9E180700935FFE /* Main.storyboard in Resources */ = {isa = PBXBuildFile; fileRef = 54EB42091B9E180700935FFE /* Main.storyboard */; };
		54EB420D1B9E180700935FFE /* Images.xcassets in Resources */ = {isa = PBXBuildFile; fileRef = 54EB420C1B9E180700935FFE /* Images.xcassets */; };
		54EB42101B9E180700935FFE /* LaunchScreen.xib in Resources */ = {isa = PBXBuildFile; fileRef = 54EB420E1B9E180700935FFE /* LaunchScreen.xib */; };
		54EB421C1B9E180700935FFE /* MyTest1Tests.m in Sources */ = {isa = PBXBuildFile; fileRef = 54EB421B1B9E180700935FFE /* MyTest1Tests.m */; };
/* End PBXBuildFile section */

/* Begin PBXContainerItemProxy section */
		54EB42161B9E180700935FFE /* PBXContainerItemProxy */ = {
			isa = PBXContainerItemProxy;
			containerPortal = 54EB41F41B9E180700935FFE /* Project object */;
			proxyType = 1;
			remoteGlobalIDString = 54EB41FB1B9E180700935FFE;
			remoteInfo = MyTest1;
		};
/* End PBXContainerItemProxy section */

/* Begin PBXFileReference section */
		54EB41FC1B9E180700935FFE /* MyTest1.app */ = {isa = PBXFileReference; explicitFileType = wrapper.application; includeInIndex = 0; path = MyTest1.app; sourceTree = BUILT_PRODUCTS_DIR; };
		54EB42001B9E180700935FFE /* Info.plist */ = {isa = PBXFileReference; lastKnownFileType = text.plist.xml; path = Info.plist; sourceTree = "<group>"; };
		54EB42011B9E180700935FFE /* main.m */ = {isa = PBXFileReference; lastKnownFileType = sourcecode.c.objc; path = main.m; sourceTree = "<group>"; };
		54EB42031B9E180700935FFE /* AppDelegate.h */ = {isa = PBXFileReference; lastKnownFileType = sourcecode.c.h; path = AppDelegate.h; sourceTree = "<group>"; };
		54EB42041B9E180700935FFE /* AppDelegate.m */ = {isa = PBXFileReference; lastKnownFileType = sourcecode.c.objc; path = AppDelegate.m; sourceTree = "<group>"; };
		54EB42061B9E180700935FFE /* ViewController.h */ = {isa = PBXFileReference; lastKnownFileType = sourcecode.c.h; path = ViewController.h; sourceTree = "<group>"; };
		54EB42071B9E180700935FFE /* ViewController.m */ = {isa = PBXFileReference; lastKnownFileType = sourcecode.c.objc; path = ViewController.m; sourceTree = "<group>"; };
		54EB420A1B9E180700935FFE /* Base */ = {isa = PBXFileReference; lastKnownFileType = file.storyboard; name = Base; path = Base.lproj/Main.storyboard; sourceTree = "<group>"; };
		54EB420C1B9E180700935FFE /* Images.xcassets */ = {isa = PBXFileReference; lastKnownFileType = folder.assetcatalog; path = Images.xcassets; sourceTree = "<group>"; };
		54EB420F1B9E180700935FFE /* Base */ = {isa = PBXFileReference; lastKnownFileType = file.xib; name = Base; path = Base.lproj/LaunchScreen.xib; sourceTree = "<group>"; };
		54EB42151B9E180700935FFE /* MyTest1Tests.xctest */ = {isa = PBXFileReference; explicitFileType = wrapper.cfbundle; includeInIndex = 0; path = MyTest1Tests.xctest; sourceTree = BUILT_PRODUCTS_DIR; };
		54EB421A1B9E180700935FFE /* Info.plist */ = {isa = PBXFileReference; lastKnownFileType = text.plist.xml; path = Info.plist; sourceTree = "<group>"; };
		54EB421B1B9E180700935FFE /* MyTest1Tests.m */ = {isa = PBXFileReference; lastKnownFileType = sourcecode.c.objc; path = MyTest1Tests.m; sourceTree = "<group>"; };
/* End PBXFileReference section */

/* Begin PBXFrameworksBuildPhase section */
		54EB41F91B9E180700935FFE /* Frameworks */ = {
			isa = PBXFrameworksBuildPhase;
			buildActionMask = 2147483647;
			files = (
			);
			runOnlyForDeploymentPostprocessing = 0;
		};
		54EB42121B9E180700935FFE /* Frameworks */ = {
			isa = PBXFrameworksBuildPhase;
			buildActionMask = 2147483647;
			files = (
			);
			runOnlyForDeploymentPostprocessing = 0;
		};
/* End PBXFrameworksBuildPhase section */

/* Begin PBXGroup section */
		54EB41F31B9E180700935FFE = {
			isa = PBXGroup;
			children = (
				54EB41FE1B9E180700935FFE /* MyTest1 */,
				54EB42181B9E180700935FFE /* MyTest1Tests */,
				54EB41FD1B9E180700935FFE /* Products */,
			);
			sourceTree = "<group>";
		};
		54EB41FD1B9E180700935FFE /* Products */ = {
			isa = PBXGroup;
			children = (
				54EB41FC1B9E180700935FFE /* MyTest1.app */,
				54EB42151B9E180700935FFE /* MyTest1Tests.xctest */,
			);
			name = Products;
			sourceTree = "<group>";
		};
		54EB41FE1B9E180700935FFE /* MyTest1 */ = {
			isa = PBXGroup;
			children = (
				54EB42031B9E180700935FFE /* AppDelegate.h */,
				54EB42041B9E180700935FFE /* AppDelegate.m */,
				54EB42061B9E180700935FFE /* ViewController.h */,
				54EB42071B9E180700935FFE /* ViewController.m */,
				54EB42091B9E180700935FFE /* Main.storyboard */,
				54EB420C1B9E180700935FFE /* Images.xcassets */,
				54EB420E1B9E180700935FFE /* LaunchScreen.xib */,
				54EB41FF1B9E180700935FFE /* Supporting Files */,
			);
			path = MyTest1;
			sourceTree = "<group>";
		};
		54EB41FF1B9E180700935FFE /* Supporting Files */ = {
			isa = PBXGroup;
			children = (
				54EB42001B9E180700935FFE /* Info.plist */,
				54EB42011B9E180700935FFE /* main.m */,
			);
			name = "Supporting Files";
			sourceTree = "<group>";
		};
		54EB42181B9E180700935FFE /* MyTest1Tests */ = {
			isa = PBXGroup;
			children = (
				54EB421B1B9E180700935FFE /* MyTest1Tests.m */,
				54EB42191B9E180700935FFE /* Supporting Files */,
			);
			path = MyTest1Tests;
			sourceTree = "<group>";
		};
		54EB42191B9E180700935FFE /* Supporting Files */ = {
			isa = PBXGroup;
			children = (
				54EB421A1B9E180700935FFE /* Info.plist */,
			);
			name = "Supporting Files";
			sourceTree = "<group>";
		};
/* End PBXGroup section */

/* Begin PBXNativeTarget section */
		54EB41FB1B9E180700935FFE /* MyTest1 */ = {
			isa = PBXNativeTarget;
			buildConfigurationList = 54EB421F1B9E180700935FFE /* Build configuration list for PBXNativeTarget "MyTest1" */;
			buildPhases = (
				54EB41F81B9E180700935FFE /* Sources */,
				54EB41F91B9E180700935FFE /* Frameworks */,
				54EB41FA1B9E180700935FFE /* Resources */,
			);
			buildRules = (
			);
			dependencies = (
			);
			name = MyTest1;
			productName = MyTest1;
			productReference = 54EB41FC1B9E180700935FFE /* MyTest1.app */;
			productType = "com.apple.product-type.application";
		};
		54EB42141B9E180700935FFE /* MyTest1Tests */ = {
			isa = PBXNativeTarget;
			buildConfigurationList = 54EB42221B9E180700935FFE /* Build configuration list for PBXNativeTarget "MyTest1Tests" */;
			buildPhases = (
				54EB42111B9E180700935FFE /* Sources */,
				54EB42121B9E180700935FFE /* Frameworks */,
				54EB42131B9E180700935FFE /* Resources */,
			);
			buildRules = (
			);
			dependencies = (
				54EB42171B9E180700935FFE /* PBXTargetDependency */,
			);
			name = MyTest1Tests;
			productName = MyTest1Tests;
			productReference = 54EB42151B9E180700935FFE /* MyTest1Tests.xctest */;
			productType = "com.apple.product-type.bundle.unit-test";
		};
/* End PBXNativeTarget section */

/* Begin PBXProject section */
		54EB41F41B9E180700935FFE /* Project object */ = {
			isa = PBXProject;
			attributes = {
				LastUpgradeCheck = 0630;
				ORGANIZATIONNAME = "Mohammad Zuber Khan";
				TargetAttributes = {
					54EB41FB1B9E180700935FFE = {
						CreatedOnToolsVersion = 6.3.1;
					};
					54EB42141B9E180700935FFE = {
						CreatedOnToolsVersion = 6.3.1;
						TestTargetID = 54EB41FB1B9E180700935FFE;
					};
				};
			};
			buildConfigurationList = 54EB41F71B9E180700935FFE /* Build configuration list for PBXProject "MyTest1" */;
			compatibilityVersion = "Xcode 3.2";
			developmentRegion = English;
			hasScannedForEncodings = 0;
			knownRegions = (
				en,
				Base,
			);
			mainGroup = 54EB41F31B9E180700935FFE;
			productRefGroup = 54EB41FD1B9E180700935FFE /* Products */;
			projectDirPath = "";
			projectRoot = "";
			targets = (
				54EB41FB1B9E180700935FFE /* MyTest1 */,
				54EB42141B9E180700935FFE /* MyTest1Tests */,
			);
		};
/* End PBXProject section */

/* Begin PBXResourcesBuildPhase section */
		54EB41FA1B9E180700935FFE /* Resources */ = {
			isa = PBXResourcesBuildPhase;
			buildActionMask = 2147483647;
			files = (
				54EB420B1B9E180700935FFE /* Main.storyboard in Resources */,
				54EB42101B9E180700935FFE /* LaunchScreen.xib in Resources */,
				54EB420D1B9E180700935FFE /* Images.xcassets in Resources */,
			);
			runOnlyForDeploymentPostprocessing = 0;
		};
		54EB42131B9E180700935FFE /* Resources */ = {
			isa = PBXResourcesBuildPhase;
			buildActionMask = 2147483647;
			files = (
			);
			runOnlyForDeploymentPostprocessing = 0;
		};
/* End PBXResourcesBuildPhase section */

/* Begin PBXSourcesBuildPhase section */
		54EB41F81B9E180700935FFE /* Sources */ = {
			isa = PBXSourcesBuildPhase;
			buildActionMask = 2147483647;
			files = (
				54EB42081B9E180700935FFE /* ViewController.m in Sources */,
				54EB42051B9E180700935FFE /* AppDelegate.m in Sources */,
				54EB42021B9E180700935FFE /* main.m in Sources */,
			);
			runOnlyForDeploymentPostprocessing = 0;
		};
		54EB42111B9E180700935FFE /* Sources */ = {
			isa = PBXSourcesBuildPhase;
			buildActionMask = 2147483647;
			files = (
				54EB421C1B9E180700935FFE /* MyTest1Tests.m in Sources */,
			);
			runOnlyForDeploymentPostprocessing = 0;
		};
/* End PBXSourcesBuildPhase section */

/* Begin PBXTargetDependency section */
		54EB42171B9E180700935FFE /* PBXTargetDependency */ = {
			isa = PBXTargetDependency;
			target = 54EB41FB1B9E180700935FFE /* MyTest1 */;
			targetProxy = 54EB42161B9E180700935FFE /* PBXContainerItemProxy */;
		};
/* End PBXTargetDependency section */

/* Begin PBXVariantGroup section */
		54EB42091B9E180700935FFE /* Main.storyboard */ = {
			isa = PBXVariantGroup;
			children = (
				54EB420A1B9E180700935FFE /* Base */,
			);
			name = Main.storyboard;
			sourceTree = "<group>";
		};
		54EB420E1B9E180700935FFE /* LaunchScreen.xib */ = {
			isa = PBXVariantGroup;
			children = (
				54EB420F1B9E180700935FFE /* Base */,
			);
			name = LaunchScreen.xib;
			sourceTree = "<group>";
		};
/* End PBXVariantGroup section */

/* Begin XCBuildConfiguration section */
		54EB421D1B9E180700935FFE /* Debug */ = {
			isa = XCBuildConfiguration;
			buildSettings = {
				ALWAYS_SEARCH_USER_PATHS = NO;
				CLANG_CXX_LANGUAGE_STANDARD = "gnu++0x";
				CLANG_CXX_LIBRARY = "libc++";
				CLANG_ENABLE_MODULES = YES;
				CLANG_ENABLE_OBJC_ARC = YES;
				CLANG_WARN_BOOL_CONVERSION = YES;
				CLANG_WARN_CONSTANT_CONVERSION = YES;
				CLANG_WARN_DIRECT_OBJC_ISA_USAGE = YES_ERROR;
				CLANG_WARN_EMPTY_BODY = YES;
				CLANG_WARN_ENUM_CONVERSION = YES;
				CLANG_WARN_INT_CONVERSION = YES;
				CLANG_WARN_OBJC_ROOT_CLASS = YES_ERROR;
				CLANG_WARN_UNREACHABLE_CODE = YES;
				CLANG_WARN__DUPLICATE_METHOD_MATCH = YES;
				"CODE_SIGN_IDENTITY[sdk=iphoneos*]" = "iPhone Developer";
				COPY_PHASE_STRIP = NO;
				DEBUG_INFORMATION_FORMAT = "dwarf-with-dsym";
				ENABLE_STRICT_OBJC_MSGSEND = YES;
				GCC_C_LANGUAGE_STANDARD = gnu99;
				GCC_DYNAMIC_NO_PIC = NO;
				GCC_NO_COMMON_BLOCKS = YES;
				GCC_OPTIMIZATION_LEVEL = 0;
				GCC_PREPROCESSOR_DEFINITIONS = (
					"DEBUG=1",
					"$(inherited)",
				);
				GCC_SYMBOLS_PRIVATE_EXTERN = NO;
				GCC_WARN_64_TO_32_BIT_CONVERSION = YES;
				GCC_WARN_ABOUT_RETURN_TYPE = YES_ERROR;
				GCC_WARN_UNDECLARED_SELECTOR = YES;
				GCC_WARN_UNINITIALIZED_AUTOS = YES_AGGRESSIVE;
				GCC_WARN_UNUSED_FUNCTION = YES;
				GCC_WARN_UNUSED_VARIABLE = YES;
				IPHONEOS_DEPLOYMENT_TARGET = 8.3;
				MTL_ENABLE_DEBUG_INFO = YES;
				ONLY_ACTIVE_ARCH = YES;
				SDKROOT = iphoneos;
				TARGETED_DEVICE_FAMILY = "1,2";
			};
			name = Debug;
		};
		54EB421E1B9E180700935FFE /* Release */ = {
			isa = XCBuildConfiguration;
			buildSettings = {
				ALWAYS_SEARCH_USER_PATHS = NO;
				CLANG_CXX_LANGUAGE_STANDARD = "gnu++0x";
				CLANG_CXX_LIBRARY = "libc++";
				CLANG_ENABLE_MODULES = YES;
				CLANG_ENABLE_OBJC_ARC = YES;
				CLANG_WARN_BOOL_CONVERSION = YES;
				CLANG_WARN_CONSTANT_CONVERSION = YES;
				CLANG_WARN_DIRECT_OBJC_ISA_USAGE = YES_ERROR;
				CLANG_WARN_EMPTY_BODY = YES;
				CLANG_WARN_ENUM_CONVERSION = YES;
				CLANG_WARN_INT_CONVERSION = YES;
				CLANG_WARN_OBJC_ROOT_CLASS = YES_ERROR;
				CLANG_WARN_UNREACHABLE_CODE = YES;
				CLANG_WARN__DUPLICATE_METHOD_MATCH = YES;
				"CODE_SIGN_IDENTITY[sdk=iphoneos*]" = "iPhone Developer";
				COPY_PHASE_STRIP = NO;
				DEBUG_INFORMATION_FORMAT = "dwarf-with-dsym";
				ENABLE_NS_ASSERTIONS = NO;
				ENABLE_STRICT_OBJC_MSGSEND = YES;
				GCC_C_LANGUAGE_STANDARD = gnu99;
				GCC_NO_COMMON_BLOCKS = YES;
				GCC_WARN_64_TO_32_BIT_CONVERSION = YES;
				GCC_WARN_ABOUT_RETURN_TYPE = YES_ERROR;
				GCC_WARN_UNDECLARED_SELECTOR = YES;
				GCC_WARN_UNINITIALIZED_AUTOS = YES_AGGRESSIVE;
				GCC_WARN_UNUSED_FUNCTION = YES;
				GCC_WARN_UNUSED_VARIABLE = YES;
				IPHONEOS_DEPLOYMENT_TARGET = 8.3;
				MTL_ENABLE_DEBUG_INFO = NO;
				SDKROOT = iphoneos;
				TARGETED_DEVICE_FAMILY = "1,2";
				VALIDATE_PRODUCT = YES;
			};
			name = Release;
		};
		54EB42201B9E180700935FFE /* Debug */ = {
			isa = XCBuildConfiguration;
			buildSettings = {
				ASSETCATALOG_COMPILER_APPICON_NAME = AppIcon;
				INFOPLIST_FILE = MyTest1/Info.plist;
				LD_RUNPATH_SEARCH_PATHS = "$(inherited) @executable_path/Frameworks";
				PRODUCT_NAME = "$(TARGET_NAME)";
			};
			name = Debug;
		};
		54EB42211B9E180700935FFE /* Release */ = {
			isa = XCBuildConfiguration;
			buildSettings = {
				ASSETCATALOG_COMPILER_APPICON_NAME = AppIcon;
				INFOPLIST_FILE = MyTest1/Info.plist;
				LD_RUNPATH_SEARCH_PATHS = "$(inherited) @executable_path/Frameworks";
				PRODUCT_NAME = "$(TARGET_NAME)";
			};
			name = Release;
		};
		54EB42231B9E180700935FFE /* Debug */ = {
			isa = XCBuildConfiguration;
			buildSettings = {
				BUNDLE_LOADER = "$(TEST_HOST)";
				FRAMEWORK_SEARCH_PATHS = (
					"$(SDKROOT)/Developer/Library/Frameworks",
					"$(inherited)",
				);
				GCC_PREPROCESSOR_DEFINITIONS = (
					"DEBUG=1",
					"$(inherited)",
				);
				INFOPLIST_FILE = MyTest1Tests/Info.plist;
				LD_RUNPATH_SEARCH_PATHS = "$(inherited) @executable_path/Frameworks @loader_path/Frameworks";
				PRODUCT_NAME = "$(TARGET_NAME)";
				TEST_HOST = "$(BUILT_PRODUCTS_DIR)/MyTest1.app/MyTest1";
			};
			name = Debug;
		};
		54EB42241B9E180700935FFE /* Release */ = {
			isa = XCBuildConfiguration;
			buildSettings = {
				BUNDLE_LOADER = "$(TEST_HOST)";
				FRAMEWORK_SEARCH_PATHS = (
					"$(SDKROOT)/Developer/Library/Frameworks",
					"$(inherited)",
				);
				INFOPLIST_FILE = MyTest1Tests/Info.plist;
				LD_RUNPATH_SEARCH_PATHS = "$(inherited) @executable_path/Frameworks @loader_path/Frameworks";
				PRODUCT_NAME = "$(TARGET_NAME)";
				TEST_HOST = "$(BUILT_PRODUCTS_DIR)/MyTest1.app/MyTest1";
			};
			name = Release;
		};
/* End XCBuildConfiguration section */

/* Begin XCConfigurationList section */
		54EB41F71B9E180700935FFE /* Build configuration list for PBXProject "MyTest1" */ = {
			isa = XCConfigurationList;
			buildConfigurations = (
				54EB421D1B9E180700935FFE /* Debug */,
				54EB421E1B9E180700935FFE /* Release */,
			);
			defaultConfigurationIsVisible = 0;
			defaultConfigurationName = Release;
		};
		54EB421F1B9E180700935FFE /* Build configuration list for PBXNativeTarget "MyTest1" */ = {
			isa = XCConfigurationList;
			buildConfigurations = (
				54EB42201B9E180700935FFE /* Debug */,
				54EB42211B9E180700935FFE /* Release */,
			);
			defaultConfigurationIsVisible = 0;
		};
		54EB42221B9E180700935FFE /* Build configuration list for PBXNativeTarget "MyTest1Tests" */ = {
			isa = XCConfigurationList;
			buildConfigurations = (
				54EB42231B9E180700935FFE /* Debug */,
				54EB42241B9E180700935FFE /* Release */,
			);
			defaultConfigurationIsVisible = 0;
		};
/* End XCConfigurationList section */
	};
	rootObject = 54EB41F41B9E180700935FFE /* Project object */;
}
